
Microsoft Visual Studio Solution File, Format Version 12.00
# Visual Studio Version 16
VisualStudioVersion = 16.0.29424.173
MinimumVisualStudioVersion = 10.0.40219.1
Project("{FAE04EC0-301F-11D3-BF4B-00C04F79EFBC}") = "SpotifyStats", "SpotifyStats\SpotifyStats.csproj", "{C2D48B60-D5CE-4C37-A044-F62E5582F3CF}"
EndProject
Global
	GlobalSection(SolutionConfigurationPlatforms) = preSolution
		Debug|Any CPU = Debug|Any CPU
		Release|Any CPU = Release|Any CPU
	EndGlobalSection
	GlobalSection(ProjectConfigurationPlatforms) = postSolution
		{C2D48B60-D5CE-4C37-A044-F62E5582F3CF}.Debug|Any CPU.ActiveCfg = Debug|Any CPU
		{C2D48B60-D5CE-4C37-A044-F62E5582F3CF}.Debug|Any CPU.Build.0 = Debug|Any CPU
		{C2D48B60-D5CE-4C37-A044-F62E5582F3CF}.Release|Any CPU.ActiveCfg = Release|Any CPU
		{C2D48B60-D5CE-4C37-A044-F62E5582F3CF}.Release|Any CPU.Build.0 = Release|Any CPU
	EndGlobalSection
	GlobalSection(SolutionProperties) = preSolution
		HideSolutionNode = FALSE
	EndGlobalSection
	GlobalSection(ExtensibilityGlobals) = postSolution
		SolutionGuid = {5FE45182-78FF-4A71-9381-0E06302D198C}
	EndGlobalSection
EndGlobal
